
Microsoft Visual Studio Solution File, Format Version 12.00
# Visual Studio Version 17
VisualStudioVersion = 17.9.34723.18
MinimumVisualStudioVersion = 10.0.40219.1
Project("{FAE04EC0-301F-11D3-BF4B-00C04F79EFBC}") = "App_ATBM_Project", "App_ATBM_Project\App_ATBM_Project.csproj", "{9BBABF73-01A8-423C-B393-B3DB389696A2}"
EndProject
Global
	GlobalSection(SolutionConfigurationPlatforms) = preSolution
		Debug|Any CPU = Debug|Any CPU
		Release|Any CPU = Release|Any CPU
	EndGlobalSection
	GlobalSection(ProjectConfigurationPlatforms) = postSolution
		{9BBABF73-01A8-423C-B393-B3DB389696A2}.Debug|Any CPU.ActiveCfg = Debug|Any CPU
		{9BBABF73-01A8-423C-B393-B3DB389696A2}.Debug|Any CPU.Build.0 = Debug|Any CPU
		{9BBABF73-01A8-423C-B393-B3DB389696A2}.Release|Any CPU.ActiveCfg = Release|Any CPU
		{9BBABF73-01A8-423C-B393-B3DB389696A2}.Release|Any CPU.Build.0 = Release|Any CPU
	EndGlobalSection
	GlobalSection(SolutionProperties) = preSolution
		HideSolutionNode = FALSE
	EndGlobalSection
	GlobalSection(ExtensibilityGlobals) = postSolution
		SolutionGuid = {8706F82C-8722-48E7-B037-0933C1BB8DBC}
	EndGlobalSection
EndGlobal
